
Microsoft Visual Studio Solution File, Format Version 12.00
# Visual Studio Version 17
VisualStudioVersion = 17.0.32014.148
MinimumVisualStudioVersion = 10.0.40219.1
Project("{FAE04EC0-301F-11D3-BF4B-00C04F79EFBC}") = "HeathCheck1", "HeathCheck1.csproj", "{D71C332F-A694-43E5-A30E-7B9F14023FA1}"
EndProject
Global
	GlobalSection(SolutionConfigurationPlatforms) = preSolution
		Debug|Any CPU = Debug|Any CPU
		Release|Any CPU = Release|Any CPU
	EndGlobalSection
	GlobalSection(ProjectConfigurationPlatforms) = postSolution
		{D71C332F-A694-43E5-A30E-7B9F14023FA1}.Debug|Any CPU.ActiveCfg = Debug|Any CPU
		{D71C332F-A694-43E5-A30E-7B9F14023FA1}.Debug|Any CPU.Build.0 = Debug|Any CPU
		{D71C332F-A694-43E5-A30E-7B9F14023FA1}.Release|Any CPU.ActiveCfg = Release|Any CPU
		{D71C332F-A694-43E5-A30E-7B9F14023FA1}.Release|Any CPU.Build.0 = Release|Any CPU
	EndGlobalSection
	GlobalSection(SolutionProperties) = preSolution
		HideSolutionNode = FALSE
	EndGlobalSection
	GlobalSection(ExtensibilityGlobals) = postSolution
		SolutionGuid = {4BD78BA6-7411-469F-9F2C-45C02D00BB66}
	EndGlobalSection
EndGlobal
